
Microsoft Visual Studio Solution File, Format Version 12.00
# Visual Studio Version 17
VisualStudioVersion = 17.0.31903.59
MinimumVisualStudioVersion = 10.0.40219.1
Project("{2150E333-8FDC-42A3-9474-1A3956D46DE8}") = "components", "components", "{F30895DC-C3AC-FF44-FFF8-D51D98AE1B61}"
EndProject
Project("{2150E333-8FDC-42A3-9474-1A3956D46DE8}") = "UserManagementGateway", "UserManagementGateway", "{CBD67838-FFF1-FCA6-2C3E-E8AE6D9447B6}"
EndProject
Project("{FAE04EC0-301F-11D3-BF4B-00C04F79EFBC}") = "UserManagementGateway", "components\UserManagementGateway\src\UserManagementGateway.csproj", "{A83D096E-12D9-4A39-A7E5-B24C2A85D7C8}"
EndProject
Project("{2150E333-8FDC-42A3-9474-1A3956D46DE8}") = "tests", "tests", "{44283208-4082-9BD3-6655-1A7C33006A20}"
EndProject
Project("{FAE04EC0-301F-11D3-BF4B-00C04F79EFBC}") = "UserManagementGateway.Tests.Unit", "components\UserManagementGateway\tests\unit\UserManagementGateway.Tests.Unit.csproj", "{1272F0CB-BEF9-454F-87B4-FC9235DFC0CF}"
EndProject
Project("{FAE04EC0-301F-11D3-BF4B-00C04F79EFBC}") = "UserManagementGateway.Tests.Integration", "components\UserManagementGateway\tests\integration\UserManagementGateway.Tests.Integration.csproj", "{7FFDAE76-AD8B-4F67-954F-E8BFCDABFAD2}"
EndProject
Project("{2150E333-8FDC-42A3-9474-1A3956D46DE8}") = "UserManagementService", "UserManagementService", "{446969F5-80FC-011D-3300-57085511E80F}"
EndProject
Project("{FAE04EC0-301F-11D3-BF4B-00C04F79EFBC}") = "UserManagementService", "components\UserManagementService\src\UserManagementService.csproj", "{68BD0A5E-A462-4D74-B2A7-C896A9E67E1B}"
EndProject
Project("{2150E333-8FDC-42A3-9474-1A3956D46DE8}") = "tests", "tests", "{883D4374-41D1-CA6B-D989-78D53897D64E}"
EndProject
Project("{FAE04EC0-301F-11D3-BF4B-00C04F79EFBC}") = "UserManagementService.Tests.Unit", "components\UserManagementService\tests\unit\UserManagementService.Tests.Unit.csproj", "{9E6563EC-4225-422B-8003-B9184703CBE2}"
EndProject
Project("{FAE04EC0-301F-11D3-BF4B-00C04F79EFBC}") = "UserManagementService.Tests.Integration", "components\UserManagementService\tests\integration\UserManagementService.Tests.Integration.csproj", "{2BA4AF66-3A6B-43C3-AA33-E26F72777600}"
EndProject
Project("{2150E333-8FDC-42A3-9474-1A3956D46DE8}") = "UserRepositoryService", "UserRepositoryService", "{47361EEB-167F-F3D5-F199-FC589BA68B9E}"
EndProject
Project("{FAE04EC0-301F-11D3-BF4B-00C04F79EFBC}") = "UserRepositoryService", "components\UserRepositoryService\src\UserRepositoryService.csproj", "{A441E0A9-14E0-435B-85FC-6F3F537D04A3}"
EndProject
Project("{2150E333-8FDC-42A3-9474-1A3956D46DE8}") = "tests", "tests", "{CEFD2EA5-BC29-C24E-D0AA-B3BEEC9FA0E1}"
EndProject
Project("{FAE04EC0-301F-11D3-BF4B-00C04F79EFBC}") = "UserRepositoryService.Tests.Unit", "components\UserRepositoryService\tests\unit\UserRepositoryService.Tests.Unit.csproj", "{790DB69F-FB9B-44D8-8886-54FB0136868D}"
EndProject
Project("{FAE04EC0-301F-11D3-BF4B-00C04F79EFBC}") = "UserRepositoryService.Tests.Integration", "components\UserRepositoryService\tests\integration\UserRepositoryService.Tests.Integration.csproj", "{1A25EB59-B08C-4467-97CB-2F150C690330}"
EndProject
Project("{2150E333-8FDC-42A3-9474-1A3956D46DE8}") = "libs", "libs", "{6C4D298B-81FB-2B6B-5AB6-46205EDDC72C}"
EndProject
Project("{FAE04EC0-301F-11D3-BF4B-00C04F79EFBC}") = "Shared.Contracts", "libs\Shared.Contracts\Shared.Contracts.csproj", "{EF84F583-BEA7-443A-A805-58DF189A1934}"
EndProject
Project("{FAE04EC0-301F-11D3-BF4B-00C04F79EFBC}") = "Shared.Protos", "libs\Shared.Protos\Shared.Protos.csproj", "{A4F36A76-CD1F-4C6F-846E-F6587BFABA8B}"
EndProject
Project("{FAE04EC0-301F-11D3-BF4B-00C04F79EFBC}") = "Shared.Common", "libs\Shared.Common\Shared.Common.csproj", "{D048787F-7269-4B7C-B318-2795CE4805B1}"
EndProject
Project("{FAE04EC0-301F-11D3-BF4B-00C04F79EFBC}") = "Shared.Logging", "libs\Shared.Logging\Shared.Logging.csproj", "{55FDE57E-0BE2-454B-ABD3-6EB34D8AAC50}"
EndProject
Global
	GlobalSection(SolutionConfigurationPlatforms) = preSolution
		Debug|Any CPU = Debug|Any CPU
		Debug|x64 = Debug|x64
		Debug|x86 = Debug|x86
		Release|Any CPU = Release|Any CPU
		Release|x64 = Release|x64
		Release|x86 = Release|x86
	EndGlobalSection
	GlobalSection(ProjectConfigurationPlatforms) = postSolution
		{A83D096E-12D9-4A39-A7E5-B24C2A85D7C8}.Debug|Any CPU.ActiveCfg = Debug|Any CPU
		{A83D096E-12D9-4A39-A7E5-B24C2A85D7C8}.Debug|Any CPU.Build.0 = Debug|Any CPU
		{A83D096E-12D9-4A39-A7E5-B24C2A85D7C8}.Debug|x64.ActiveCfg = Debug|Any CPU
		{A83D096E-12D9-4A39-A7E5-B24C2A85D7C8}.Debug|x64.Build.0 = Debug|Any CPU
		{A83D096E-12D9-4A39-A7E5-B24C2A85D7C8}.Debug|x86.ActiveCfg = Debug|Any CPU
		{A83D096E-12D9-4A39-A7E5-B24C2A85D7C8}.Debug|x86.Build.0 = Debug|Any CPU
		{A83D096E-12D9-4A39-A7E5-B24C2A85D7C8}.Release|Any CPU.ActiveCfg = Release|Any CPU
		{A83D096E-12D9-4A39-A7E5-B24C2A85D7C8}.Release|Any CPU.Build.0 = Release|Any CPU
		{A83D096E-12D9-4A39-A7E5-B24C2A85D7C8}.Release|x64.ActiveCfg = Release|Any CPU
		{A83D096E-12D9-4A39-A7E5-B24C2A85D7C8}.Release|x64.Build.0 = Release|Any CPU
		{A83D096E-12D9-4A39-A7E5-B24C2A85D7C8}.Release|x86.ActiveCfg = Release|Any CPU
		{A83D096E-12D9-4A39-A7E5-B24C2A85D7C8}.Release|x86.Build.0 = Release|Any CPU
		{1272F0CB-BEF9-454F-87B4-FC9235DFC0CF}.Debug|Any CPU.ActiveCfg = Debug|Any CPU
		{1272F0CB-BEF9-454F-87B4-FC9235DFC0CF}.Debug|Any CPU.Build.0 = Debug|Any CPU
		{1272F0CB-BEF9-454F-87B4-FC9235DFC0CF}.Debug|x64.ActiveCfg = Debug|Any CPU
		{1272F0CB-BEF9-454F-87B4-FC9235DFC0CF}.Debug|x64.Build.0 = Debug|Any CPU
		{1272F0CB-BEF9-454F-87B4-FC9235DFC0CF}.Debug|x86.ActiveCfg = Debug|Any CPU
		{1272F0CB-BEF9-454F-87B4-FC9235DFC0CF}.Debug|x86.Build.0 = Debug|Any CPU
		{1272F0CB-BEF9-454F-87B4-FC9235DFC0CF}.Release|Any CPU.ActiveCfg = Release|Any CPU
		{1272F0CB-BEF9-454F-87B4-FC9235DFC0CF}.Release|Any CPU.Build.0 = Release|Any CPU
		{1272F0CB-BEF9-454F-87B4-FC9235DFC0CF}.Release|x64.ActiveCfg = Release|Any CPU
		{1272F0CB-BEF9-454F-87B4-FC9235DFC0CF}.Release|x64.Build.0 = Release|Any CPU
		{1272F0CB-BEF9-454F-87B4-FC9235DFC0CF}.Release|x86.ActiveCfg = Release|Any CPU
		{1272F0CB-BEF9-454F-87B4-FC9235DFC0CF}.Release|x86.Build.0 = Release|Any CPU
		{7FFDAE76-AD8B-4F67-954F-E8BFCDABFAD2}.Debug|Any CPU.ActiveCfg = Debug|Any CPU
		{7FFDAE76-AD8B-4F67-954F-E8BFCDABFAD2}.Debug|Any CPU.Build.0 = Debug|Any CPU
		{7FFDAE76-AD8B-4F67-954F-E8BFCDABFAD2}.Debug|x64.ActiveCfg = Debug|Any CPU
		{7FFDAE76-AD8B-4F67-954F-E8BFCDABFAD2}.Debug|x64.Build.0 = Debug|Any CPU
		{7FFDAE76-AD8B-4F67-954F-E8BFCDABFAD2}.Debug|x86.ActiveCfg = Debug|Any CPU
		{7FFDAE76-AD8B-4F67-954F-E8BFCDABFAD2}.Debug|x86.Build.0 = Debug|Any CPU
		{7FFDAE76-AD8B-4F67-954F-E8BFCDABFAD2}.Release|Any CPU.ActiveCfg = Release|Any CPU
		{7FFDAE76-AD8B-4F67-954F-E8BFCDABFAD2}.Release|Any CPU.Build.0 = Release|Any CPU
		{7FFDAE76-AD8B-4F67-954F-E8BFCDABFAD2}.Release|x64.ActiveCfg = Release|Any CPU
		{7FFDAE76-AD8B-4F67-954F-E8BFCDABFAD2}.Release|x64.Build.0 = Release|Any CPU
		{7FFDAE76-AD8B-4F67-954F-E8BFCDABFAD2}.Release|x86.ActiveCfg = Release|Any CPU
		{7FFDAE76-AD8B-4F67-954F-E8BFCDABFAD2}.Release|x86.Build.0 = Release|Any CPU
		{68BD0A5E-A462-4D74-B2A7-C896A9E67E1B}.Debug|Any CPU.ActiveCfg = Debug|Any CPU
		{68BD0A5E-A462-4D74-B2A7-C896A9E67E1B}.Debug|Any CPU.Build.0 = Debug|Any CPU
		{68BD0A5E-A462-4D74-B2A7-C896A9E67E1B}.Debug|x64.ActiveCfg = Debug|Any CPU
		{68BD0A5E-A462-4D74-B2A7-C896A9E67E1B}.Debug|x64.Build.0 = Debug|Any CPU
		{68BD0A5E-A462-4D74-B2A7-C896A9E67E1B}.Debug|x86.ActiveCfg = Debug|Any CPU
		{68BD0A5E-A462-4D74-B2A7-C896A9E67E1B}.Debug|x86.Build.0 = Debug|Any CPU
		{68BD0A5E-A462-4D74-B2A7-C896A9E67E1B}.Release|Any CPU.ActiveCfg = Release|Any CPU
		{68BD0A5E-A462-4D74-B2A7-C896A9E67E1B}.Release|Any CPU.Build.0 = Release|Any CPU
		{68BD0A5E-A462-4D74-B2A7-C896A9E67E1B}.Release|x64.ActiveCfg = Release|Any CPU
		{68BD0A5E-A462-4D74-B2A7-C896A9E67E1B}.Release|x64.Build.0 = Release|Any CPU
		{68BD0A5E-A462-4D74-B2A7-C896A9E67E1B}.Release|x86.ActiveCfg = Release|Any CPU
		{68BD0A5E-A462-4D74-B2A7-C896A9E67E1B}.Release|x86.Build.0 = Release|Any CPU
		{9E6563EC-4225-422B-8003-B9184703CBE2}.Debug|Any CPU.ActiveCfg = Debug|Any CPU
		{9E6563EC-4225-422B-8003-B9184703CBE2}.Debug|Any CPU.Build.0 = Debug|Any CPU
		{9E6563EC-4225-422B-8003-B9184703CBE2}.Debug|x64.ActiveCfg = Debug|Any CPU
		{9E6563EC-4225-422B-8003-B9184703CBE2}.Debug|x64.Build.0 = Debug|Any CPU
		{9E6563EC-4225-422B-8003-B9184703CBE2}.Debug|x86.ActiveCfg = Debug|Any CPU
		{9E6563EC-4225-422B-8003-B9184703CBE2}.Debug|x86.Build.0 = Debug|Any CPU
		{9E6563EC-4225-422B-8003-B9184703CBE2}.Release|Any CPU.ActiveCfg = Release|Any CPU
		{9E6563EC-4225-422B-8003-B9184703CBE2}.Release|Any CPU.Build.0 = Release|Any CPU
		{9E6563EC-4225-422B-8003-B9184703CBE2}.Release|x64.ActiveCfg = Release|Any CPU
		{9E6563EC-4225-422B-8003-B9184703CBE2}.Release|x64.Build.0 = Release|Any CPU
		{9E6563EC-4225-422B-8003-B9184703CBE2}.Release|x86.ActiveCfg = Release|Any CPU
		{9E6563EC-4225-422B-8003-B9184703CBE2}.Release|x86.Build.0 = Release|Any CPU
		{2BA4AF66-3A6B-43C3-AA33-E26F72777600}.Debug|Any CPU.ActiveCfg = Debug|Any CPU
		{2BA4AF66-3A6B-43C3-AA33-E26F72777600}.Debug|Any CPU.Build.0 = Debug|Any CPU
		{2BA4AF66-3A6B-43C3-AA33-E26F72777600}.Debug|x64.ActiveCfg = Debug|Any CPU
		{2BA4AF66-3A6B-43C3-AA33-E26F72777600}.Debug|x64.Build.0 = Debug|Any CPU
		{2BA4AF66-3A6B-43C3-AA33-E26F72777600}.Debug|x86.ActiveCfg = Debug|Any CPU
		{2BA4AF66-3A6B-43C3-AA33-E26F72777600}.Debug|x86.Build.0 = Debug|Any CPU
		{2BA4AF66-3A6B-43C3-AA33-E26F72777600}.Release|Any CPU.ActiveCfg = Release|Any CPU
		{2BA4AF66-3A6B-43C3-AA33-E26F72777600}.Release|Any CPU.Build.0 = Release|Any CPU
		{2BA4AF66-3A6B-43C3-AA33-E26F72777600}.Release|x64.ActiveCfg = Release|Any CPU
		{2BA4AF66-3A6B-43C3-AA33-E26F72777600}.Release|x64.Build.0 = Release|Any CPU
		{2BA4AF66-3A6B-43C3-AA33-E26F72777600}.Release|x86.ActiveCfg = Release|Any CPU
		{2BA4AF66-3A6B-43C3-AA33-E26F72777600}.Release|x86.Build.0 = Release|Any CPU
		{A441E0A9-14E0-435B-85FC-6F3F537D04A3}.Debug|Any CPU.ActiveCfg = Debug|Any CPU
		{A441E0A9-14E0-435B-85FC-6F3F537D04A3}.Debug|Any CPU.Build.0 = Debug|Any CPU
		{A441E0A9-14E0-435B-85FC-6F3F537D04A3}.Debug|x64.ActiveCfg = Debug|Any CPU
		{A441E0A9-14E0-435B-85FC-6F3F537D04A3}.Debug|x64.Build.0 = Debug|Any CPU
		{A441E0A9-14E0-435B-85FC-6F3F537D04A3}.Debug|x86.ActiveCfg = Debug|Any CPU
		{A441E0A9-14E0-435B-85FC-6F3F537D04A3}.Debug|x86.Build.0 = Debug|Any CPU
		{A441E0A9-14E0-435B-85FC-6F3F537D04A3}.Release|Any CPU.ActiveCfg = Release|Any CPU
		{A441E0A9-14E0-435B-85FC-6F3F537D04A3}.Release|Any CPU.Build.0 = Release|Any CPU
		{A441E0A9-14E0-435B-85FC-6F3F537D04A3}.Release|x64.ActiveCfg = Release|Any CPU
		{A441E0A9-14E0-435B-85FC-6F3F537D04A3}.Release|x64.Build.0 = Release|Any CPU
		{A441E0A9-14E0-435B-85FC-6F3F537D04A3}.Release|x86.ActiveCfg = Release|Any CPU
		{A441E0A9-14E0-435B-85FC-6F3F537D04A3}.Release|x86.Build.0 = Release|Any CPU
		{790DB69F-FB9B-44D8-8886-54FB0136868D}.Debug|Any CPU.ActiveCfg = Debug|Any CPU
		{790DB69F-FB9B-44D8-8886-54FB0136868D}.Debug|Any CPU.Build.0 = Debug|Any CPU
		{790DB69F-FB9B-44D8-8886-54FB0136868D}.Debug|x64.ActiveCfg = Debug|Any CPU
		{790DB69F-FB9B-44D8-8886-54FB0136868D}.Debug|x64.Build.0 = Debug|Any CPU
		{790DB69F-FB9B-44D8-8886-54FB0136868D}.Debug|x86.ActiveCfg = Debug|Any CPU
		{790DB69F-FB9B-44D8-8886-54FB0136868D}.Debug|x86.Build.0 = Debug|Any CPU
		{790DB69F-FB9B-44D8-8886-54FB0136868D}.Release|Any CPU.ActiveCfg = Release|Any CPU
		{790DB69F-FB9B-44D8-8886-54FB0136868D}.Release|Any CPU.Build.0 = Release|Any CPU
		{790DB69F-FB9B-44D8-8886-54FB0136868D}.Release|x64.ActiveCfg = Release|Any CPU
		{790DB69F-FB9B-44D8-8886-54FB0136868D}.Release|x64.Build.0 = Release|Any CPU
		{790DB69F-FB9B-44D8-8886-54FB0136868D}.Release|x86.ActiveCfg = Release|Any CPU
		{790DB69F-FB9B-44D8-8886-54FB0136868D}.Release|x86.Build.0 = Release|Any CPU
		{1A25EB59-B08C-4467-97CB-2F150C690330}.Debug|Any CPU.ActiveCfg = Debug|Any CPU
		{1A25EB59-B08C-4467-97CB-2F150C690330}.Debug|Any CPU.Build.0 = Debug|Any CPU
		{1A25EB59-B08C-4467-97CB-2F150C690330}.Debug|x64.ActiveCfg = Debug|Any CPU
		{1A25EB59-B08C-4467-97CB-2F150C690330}.Debug|x64.Build.0 = Debug|Any CPU
		{1A25EB59-B08C-4467-97CB-2F150C690330}.Debug|x86.ActiveCfg = Debug|Any CPU
		{1A25EB59-B08C-4467-97CB-2F150C690330}.Debug|x86.Build.0 = Debug|Any CPU
		{1A25EB59-B08C-4467-97CB-2F150C690330}.Release|Any CPU.ActiveCfg = Release|Any CPU
		{1A25EB59-B08C-4467-97CB-2F150C690330}.Release|Any CPU.Build.0 = Release|Any CPU
		{1A25EB59-B08C-4467-97CB-2F150C690330}.Release|x64.ActiveCfg = Release|Any CPU
		{1A25EB59-B08C-4467-97CB-2F150C690330}.Release|x64.Build.0 = Release|Any CPU
		{1A25EB59-B08C-4467-97CB-2F150C690330}.Release|x86.ActiveCfg = Release|Any CPU
		{1A25EB59-B08C-4467-97CB-2F150C690330}.Release|x86.Build.0 = Release|Any CPU
		{EF84F583-BEA7-443A-A805-58DF189A1934}.Debug|Any CPU.ActiveCfg = Debug|Any CPU
		{EF84F583-BEA7-443A-A805-58DF189A1934}.Debug|Any CPU.Build.0 = Debug|Any CPU
		{EF84F583-BEA7-443A-A805-58DF189A1934}.Debug|x64.ActiveCfg = Debug|Any CPU
		{EF84F583-BEA7-443A-A805-58DF189A1934}.Debug|x64.Build.0 = Debug|Any CPU
		{EF84F583-BEA7-443A-A805-58DF189A1934}.Debug|x86.ActiveCfg = Debug|Any CPU
		{EF84F583-BEA7-443A-A805-58DF189A1934}.Debug|x86.Build.0 = Debug|Any CPU
		{EF84F583-BEA7-443A-A805-58DF189A1934}.Release|Any CPU.ActiveCfg = Release|Any CPU
		{EF84F583-BEA7-443A-A805-58DF189A1934}.Release|Any CPU.Build.0 = Release|Any CPU
		{EF84F583-BEA7-443A-A805-58DF189A1934}.Release|x64.ActiveCfg = Release|Any CPU
		{EF84F583-BEA7-443A-A805-58DF189A1934}.Release|x64.Build.0 = Release|Any CPU
		{EF84F583-BEA7-443A-A805-58DF189A1934}.Release|x86.ActiveCfg = Release|Any CPU
		{EF84F583-BEA7-443A-A805-58DF189A1934}.Release|x86.Build.0 = Release|Any CPU
		{A4F36A76-CD1F-4C6F-846E-F6587BFABA8B}.Debug|Any CPU.ActiveCfg = Debug|Any CPU
		{A4F36A76-CD1F-4C6F-846E-F6587BFABA8B}.Debug|Any CPU.Build.0 = Debug|Any CPU
		{A4F36A76-CD1F-4C6F-846E-F6587BFABA8B}.Debug|x64.ActiveCfg = Debug|Any CPU
		{A4F36A76-CD1F-4C6F-846E-F6587BFABA8B}.Debug|x64.Build.0 = Debug|Any CPU
		{A4F36A76-CD1F-4C6F-846E-F6587BFABA8B}.Debug|x86.ActiveCfg = Debug|Any CPU
		{A4F36A76-CD1F-4C6F-846E-F6587BFABA8B}.Debug|x86.Build.0 = Debug|Any CPU
		{A4F36A76-CD1F-4C6F-846E-F6587BFABA8B}.Release|Any CPU.ActiveCfg = Release|Any CPU
		{A4F36A76-CD1F-4C6F-846E-F6587BFABA8B}.Release|Any CPU.Build.0 = Release|Any CPU
		{A4F36A76-CD1F-4C6F-846E-F6587BFABA8B}.Release|x64.ActiveCfg = Release|Any CPU
		{A4F36A76-CD1F-4C6F-846E-F6587BFABA8B}.Release|x64.Build.0 = Release|Any CPU
		{A4F36A76-CD1F-4C6F-846E-F6587BFABA8B}.Release|x86.ActiveCfg = Release|Any CPU
		{A4F36A76-CD1F-4C6F-846E-F6587BFABA8B}.Release|x86.Build.0 = Release|Any CPU
		{D048787F-7269-4B7C-B318-2795CE4805B1}.Debug|Any CPU.ActiveCfg = Debug|Any CPU
		{D048787F-7269-4B7C-B318-2795CE4805B1}.Debug|Any CPU.Build.0 = Debug|Any CPU
		{D048787F-7269-4B7C-B318-2795CE4805B1}.Debug|x64.ActiveCfg = Debug|Any CPU
		{D048787F-7269-4B7C-B318-2795CE4805B1}.Debug|x64.Build.0 = Debug|Any CPU
		{D048787F-7269-4B7C-B318-2795CE4805B1}.Debug|x86.ActiveCfg = Debug|Any CPU
		{D048787F-7269-4B7C-B318-2795CE4805B1}.Debug|x86.Build.0 = Debug|Any CPU
		{D048787F-7269-4B7C-B318-2795CE4805B1}.Release|Any CPU.ActiveCfg = Release|Any CPU
		{D048787F-7269-4B7C-B318-2795CE4805B1}.Release|Any CPU.Build.0 = Release|Any CPU
		{D048787F-7269-4B7C-B318-2795CE4805B1}.Release|x64.ActiveCfg = Release|Any CPU
		{D048787F-7269-4B7C-B318-2795CE4805B1}.Release|x64.Build.0 = Release|Any CPU
		{D048787F-7269-4B7C-B318-2795CE4805B1}.Release|x86.ActiveCfg = Release|Any CPU
		{D048787F-7269-4B7C-B318-2795CE4805B1}.Release|x86.Build.0 = Release|Any CPU
		{55FDE57E-0BE2-454B-ABD3-6EB34D8AAC50}.Debug|Any CPU.ActiveCfg = Debug|Any CPU
		{55FDE57E-0BE2-454B-ABD3-6EB34D8AAC50}.Debug|Any CPU.Build.0 = Debug|Any CPU
		{55FDE57E-0BE2-454B-ABD3-6EB34D8AAC50}.Debug|x64.ActiveCfg = Debug|Any CPU
		{55FDE57E-0BE2-454B-ABD3-6EB34D8AAC50}.Debug|x64.Build.0 = Debug|Any CPU
		{55FDE57E-0BE2-454B-ABD3-6EB34D8AAC50}.Debug|x86.ActiveCfg = Debug|Any CPU
		{55FDE57E-0BE2-454B-ABD3-6EB34D8AAC50}.Debug|x86.Build.0 = Debug|Any CPU
		{55FDE57E-0BE2-454B-ABD3-6EB34D8AAC50}.Release|Any CPU.ActiveCfg = Release|Any CPU
		{55FDE57E-0BE2-454B-ABD3-6EB34D8AAC50}.Release|Any CPU.Build.0 = Release|Any CPU
		{55FDE57E-0BE2-454B-ABD3-6EB34D8AAC50}.Release|x64.ActiveCfg = Release|Any CPU
		{55FDE57E-0BE2-454B-ABD3-6EB34D8AAC50}.Release|x64.Build.0 = Release|Any CPU
		{55FDE57E-0BE2-454B-ABD3-6EB34D8AAC50}.Release|x86.ActiveCfg = Release|Any CPU
		{55FDE57E-0BE2-454B-ABD3-6EB34D8AAC50}.Release|x86.Build.0 = Release|Any CPU
	EndGlobalSection
	GlobalSection(SolutionProperties) = preSolution
		HideSolutionNode = FALSE
	EndGlobalSection
	GlobalSection(NestedProjects) = preSolution
		{CBD67838-FFF1-FCA6-2C3E-E8AE6D9447B6} = {F30895DC-C3AC-FF44-FFF8-D51D98AE1B61}
		{A83D096E-12D9-4A39-A7E5-B24C2A85D7C8} = {CBD67838-FFF1-FCA6-2C3E-E8AE6D9447B6}
		{44283208-4082-9BD3-6655-1A7C33006A20} = {CBD67838-FFF1-FCA6-2C3E-E8AE6D9447B6}
		{1272F0CB-BEF9-454F-87B4-FC9235DFC0CF} = {44283208-4082-9BD3-6655-1A7C33006A20}
		{7FFDAE76-AD8B-4F67-954F-E8BFCDABFAD2} = {44283208-4082-9BD3-6655-1A7C33006A20}
		{446969F5-80FC-011D-3300-57085511E80F} = {F30895DC-C3AC-FF44-FFF8-D51D98AE1B61}
		{68BD0A5E-A462-4D74-B2A7-C896A9E67E1B} = {446969F5-80FC-011D-3300-57085511E80F}
		{883D4374-41D1-CA6B-D989-78D53897D64E} = {446969F5-80FC-011D-3300-57085511E80F}
		{9E6563EC-4225-422B-8003-B9184703CBE2} = {883D4374-41D1-CA6B-D989-78D53897D64E}
		{2BA4AF66-3A6B-43C3-AA33-E26F72777600} = {883D4374-41D1-CA6B-D989-78D53897D64E}
		{47361EEB-167F-F3D5-F199-FC589BA68B9E} = {F30895DC-C3AC-FF44-FFF8-D51D98AE1B61}
		{A441E0A9-14E0-435B-85FC-6F3F537D04A3} = {47361EEB-167F-F3D5-F199-FC589BA68B9E}
		{CEFD2EA5-BC29-C24E-D0AA-B3BEEC9FA0E1} = {47361EEB-167F-F3D5-F199-FC589BA68B9E}
		{790DB69F-FB9B-44D8-8886-54FB0136868D} = {CEFD2EA5-BC29-C24E-D0AA-B3BEEC9FA0E1}
		{1A25EB59-B08C-4467-97CB-2F150C690330} = {CEFD2EA5-BC29-C24E-D0AA-B3BEEC9FA0E1}
		{EF84F583-BEA7-443A-A805-58DF189A1934} = {6C4D298B-81FB-2B6B-5AB6-46205EDDC72C}
		{A4F36A76-CD1F-4C6F-846E-F6587BFABA8B} = {6C4D298B-81FB-2B6B-5AB6-46205EDDC72C}
		{D048787F-7269-4B7C-B318-2795CE4805B1} = {6C4D298B-81FB-2B6B-5AB6-46205EDDC72C}
		{55FDE57E-0BE2-454B-ABD3-6EB34D8AAC50} = {6C4D298B-81FB-2B6B-5AB6-46205EDDC72C}
	EndGlobalSection
EndGlobal
