
Microsoft Visual Studio Solution File, Format Version 12.00
# Visual Studio Version 17
VisualStudioVersion = 17.0.31903.59
MinimumVisualStudioVersion = 10.0.40219.1
Project("{2150E333-8FDC-42A3-9474-1A3956D46DE8}") = "src", "src", "{827E0CD3-B72D-47B6-A68D-7590B98EB39B}"
EndProject
Project("{FAE04EC0-301F-11D3-BF4B-00C04F79EFBC}") = "UserRepositoryService", "src\UserRepositoryService.csproj", "{B3122136-422F-4A74-BC3D-E6F593E14035}"
EndProject
Project("{2150E333-8FDC-42A3-9474-1A3956D46DE8}") = "tests", "tests", "{0AB3BF05-4346-4AA6-1389-037BE0695223}"
EndProject
Project("{FAE04EC0-301F-11D3-BF4B-00C04F79EFBC}") = "UserRepositoryService.Tests.Unit", "tests\unit\UserRepositoryService.Tests.Unit.csproj", "{1388E937-E0A9-4482-A703-F01821F0D2EE}"
EndProject
Project("{FAE04EC0-301F-11D3-BF4B-00C04F79EFBC}") = "UserRepositoryService.Tests.Integration", "tests\integration\UserRepositoryService.Tests.Integration.csproj", "{81E7B206-EEC4-4C1C-9D13-7EE2D05EED95}"
EndProject
Project("{2150E333-8FDC-42A3-9474-1A3956D46DE8}") = "libs", "libs", "{6C4D298B-81FB-2B6B-5AB6-46205EDDC72C}"
EndProject
Project("{FAE04EC0-301F-11D3-BF4B-00C04F79EFBC}") = "Shared.Contracts", "..\..\libs\Shared.Contracts\Shared.Contracts.csproj", "{B0B6C3A4-D57A-4AAE-B00C-89D2A1E94B43}"
EndProject
Project("{FAE04EC0-301F-11D3-BF4B-00C04F79EFBC}") = "Shared.Common", "..\..\libs\Shared.Common\Shared.Common.csproj", "{16833D5D-ED16-430B-84DC-0A802AE9B000}"
EndProject
Project("{FAE04EC0-301F-11D3-BF4B-00C04F79EFBC}") = "Shared.Logging", "..\..\libs\Shared.Logging\Shared.Logging.csproj", "{3DCF4ACD-0535-4ADB-BFD4-DB0A4F6AC319}"
EndProject
Project("{FAE04EC0-301F-11D3-BF4B-00C04F79EFBC}") = "Shared.Protos", "..\..\libs\Shared.Protos\Shared.Protos.csproj", "{1A70391B-1E1A-4C5B-8FD9-2B03393DB856}"
EndProject
Global
	GlobalSection(SolutionConfigurationPlatforms) = preSolution
		Debug|Any CPU = Debug|Any CPU
		Debug|x64 = Debug|x64
		Debug|x86 = Debug|x86
		Release|Any CPU = Release|Any CPU
		Release|x64 = Release|x64
		Release|x86 = Release|x86
	EndGlobalSection
	GlobalSection(ProjectConfigurationPlatforms) = postSolution
		{B3122136-422F-4A74-BC3D-E6F593E14035}.Debug|Any CPU.ActiveCfg = Debug|Any CPU
		{B3122136-422F-4A74-BC3D-E6F593E14035}.Debug|Any CPU.Build.0 = Debug|Any CPU
		{B3122136-422F-4A74-BC3D-E6F593E14035}.Debug|x64.ActiveCfg = Debug|Any CPU
		{B3122136-422F-4A74-BC3D-E6F593E14035}.Debug|x64.Build.0 = Debug|Any CPU
		{B3122136-422F-4A74-BC3D-E6F593E14035}.Debug|x86.ActiveCfg = Debug|Any CPU
		{B3122136-422F-4A74-BC3D-E6F593E14035}.Debug|x86.Build.0 = Debug|Any CPU
		{B3122136-422F-4A74-BC3D-E6F593E14035}.Release|Any CPU.ActiveCfg = Release|Any CPU
		{B3122136-422F-4A74-BC3D-E6F593E14035}.Release|Any CPU.Build.0 = Release|Any CPU
		{B3122136-422F-4A74-BC3D-E6F593E14035}.Release|x64.ActiveCfg = Release|Any CPU
		{B3122136-422F-4A74-BC3D-E6F593E14035}.Release|x64.Build.0 = Release|Any CPU
		{B3122136-422F-4A74-BC3D-E6F593E14035}.Release|x86.ActiveCfg = Release|Any CPU
		{B3122136-422F-4A74-BC3D-E6F593E14035}.Release|x86.Build.0 = Release|Any CPU
		{1388E937-E0A9-4482-A703-F01821F0D2EE}.Debug|Any CPU.ActiveCfg = Debug|Any CPU
		{1388E937-E0A9-4482-A703-F01821F0D2EE}.Debug|Any CPU.Build.0 = Debug|Any CPU
		{1388E937-E0A9-4482-A703-F01821F0D2EE}.Debug|x64.ActiveCfg = Debug|Any CPU
		{1388E937-E0A9-4482-A703-F01821F0D2EE}.Debug|x64.Build.0 = Debug|Any CPU
		{1388E937-E0A9-4482-A703-F01821F0D2EE}.Debug|x86.ActiveCfg = Debug|Any CPU
		{1388E937-E0A9-4482-A703-F01821F0D2EE}.Debug|x86.Build.0 = Debug|Any CPU
		{1388E937-E0A9-4482-A703-F01821F0D2EE}.Release|Any CPU.ActiveCfg = Release|Any CPU
		{1388E937-E0A9-4482-A703-F01821F0D2EE}.Release|Any CPU.Build.0 = Release|Any CPU
		{1388E937-E0A9-4482-A703-F01821F0D2EE}.Release|x64.ActiveCfg = Release|Any CPU
		{1388E937-E0A9-4482-A703-F01821F0D2EE}.Release|x64.Build.0 = Release|Any CPU
		{1388E937-E0A9-4482-A703-F01821F0D2EE}.Release|x86.ActiveCfg = Release|Any CPU
		{1388E937-E0A9-4482-A703-F01821F0D2EE}.Release|x86.Build.0 = Release|Any CPU
		{81E7B206-EEC4-4C1C-9D13-7EE2D05EED95}.Debug|Any CPU.ActiveCfg = Debug|Any CPU
		{81E7B206-EEC4-4C1C-9D13-7EE2D05EED95}.Debug|Any CPU.Build.0 = Debug|Any CPU
		{81E7B206-EEC4-4C1C-9D13-7EE2D05EED95}.Debug|x64.ActiveCfg = Debug|Any CPU
		{81E7B206-EEC4-4C1C-9D13-7EE2D05EED95}.Debug|x64.Build.0 = Debug|Any CPU
		{81E7B206-EEC4-4C1C-9D13-7EE2D05EED95}.Debug|x86.ActiveCfg = Debug|Any CPU
		{81E7B206-EEC4-4C1C-9D13-7EE2D05EED95}.Debug|x86.Build.0 = Debug|Any CPU
		{81E7B206-EEC4-4C1C-9D13-7EE2D05EED95}.Release|Any CPU.ActiveCfg = Release|Any CPU
		{81E7B206-EEC4-4C1C-9D13-7EE2D05EED95}.Release|Any CPU.Build.0 = Release|Any CPU
		{81E7B206-EEC4-4C1C-9D13-7EE2D05EED95}.Release|x64.ActiveCfg = Release|Any CPU
		{81E7B206-EEC4-4C1C-9D13-7EE2D05EED95}.Release|x64.Build.0 = Release|Any CPU
		{81E7B206-EEC4-4C1C-9D13-7EE2D05EED95}.Release|x86.ActiveCfg = Release|Any CPU
		{81E7B206-EEC4-4C1C-9D13-7EE2D05EED95}.Release|x86.Build.0 = Release|Any CPU
		{B0B6C3A4-D57A-4AAE-B00C-89D2A1E94B43}.Debug|Any CPU.ActiveCfg = Debug|Any CPU
		{B0B6C3A4-D57A-4AAE-B00C-89D2A1E94B43}.Debug|Any CPU.Build.0 = Debug|Any CPU
		{B0B6C3A4-D57A-4AAE-B00C-89D2A1E94B43}.Debug|x64.ActiveCfg = Debug|Any CPU
		{B0B6C3A4-D57A-4AAE-B00C-89D2A1E94B43}.Debug|x64.Build.0 = Debug|Any CPU
		{B0B6C3A4-D57A-4AAE-B00C-89D2A1E94B43}.Debug|x86.ActiveCfg = Debug|Any CPU
		{B0B6C3A4-D57A-4AAE-B00C-89D2A1E94B43}.Debug|x86.Build.0 = Debug|Any CPU
		{B0B6C3A4-D57A-4AAE-B00C-89D2A1E94B43}.Release|Any CPU.ActiveCfg = Release|Any CPU
		{B0B6C3A4-D57A-4AAE-B00C-89D2A1E94B43}.Release|Any CPU.Build.0 = Release|Any CPU
		{B0B6C3A4-D57A-4AAE-B00C-89D2A1E94B43}.Release|x64.ActiveCfg = Release|Any CPU
		{B0B6C3A4-D57A-4AAE-B00C-89D2A1E94B43}.Release|x64.Build.0 = Release|Any CPU
		{B0B6C3A4-D57A-4AAE-B00C-89D2A1E94B43}.Release|x86.ActiveCfg = Release|Any CPU
		{B0B6C3A4-D57A-4AAE-B00C-89D2A1E94B43}.Release|x86.Build.0 = Release|Any CPU
		{16833D5D-ED16-430B-84DC-0A802AE9B000}.Debug|Any CPU.ActiveCfg = Debug|Any CPU
		{16833D5D-ED16-430B-84DC-0A802AE9B000}.Debug|Any CPU.Build.0 = Debug|Any CPU
		{16833D5D-ED16-430B-84DC-0A802AE9B000}.Debug|x64.ActiveCfg = Debug|Any CPU
		{16833D5D-ED16-430B-84DC-0A802AE9B000}.Debug|x64.Build.0 = Debug|Any CPU
		{16833D5D-ED16-430B-84DC-0A802AE9B000}.Debug|x86.ActiveCfg = Debug|Any CPU
		{16833D5D-ED16-430B-84DC-0A802AE9B000}.Debug|x86.Build.0 = Debug|Any CPU
		{16833D5D-ED16-430B-84DC-0A802AE9B000}.Release|Any CPU.ActiveCfg = Release|Any CPU
		{16833D5D-ED16-430B-84DC-0A802AE9B000}.Release|Any CPU.Build.0 = Release|Any CPU
		{16833D5D-ED16-430B-84DC-0A802AE9B000}.Release|x64.ActiveCfg = Release|Any CPU
		{16833D5D-ED16-430B-84DC-0A802AE9B000}.Release|x64.Build.0 = Release|Any CPU
		{16833D5D-ED16-430B-84DC-0A802AE9B000}.Release|x86.ActiveCfg = Release|Any CPU
		{16833D5D-ED16-430B-84DC-0A802AE9B000}.Release|x86.Build.0 = Release|Any CPU
		{3DCF4ACD-0535-4ADB-BFD4-DB0A4F6AC319}.Debug|Any CPU.ActiveCfg = Debug|Any CPU
		{3DCF4ACD-0535-4ADB-BFD4-DB0A4F6AC319}.Debug|Any CPU.Build.0 = Debug|Any CPU
		{3DCF4ACD-0535-4ADB-BFD4-DB0A4F6AC319}.Debug|x64.ActiveCfg = Debug|Any CPU
		{3DCF4ACD-0535-4ADB-BFD4-DB0A4F6AC319}.Debug|x64.Build.0 = Debug|Any CPU
		{3DCF4ACD-0535-4ADB-BFD4-DB0A4F6AC319}.Debug|x86.ActiveCfg = Debug|Any CPU
		{3DCF4ACD-0535-4ADB-BFD4-DB0A4F6AC319}.Debug|x86.Build.0 = Debug|Any CPU
		{3DCF4ACD-0535-4ADB-BFD4-DB0A4F6AC319}.Release|Any CPU.ActiveCfg = Release|Any CPU
		{3DCF4ACD-0535-4ADB-BFD4-DB0A4F6AC319}.Release|Any CPU.Build.0 = Release|Any CPU
		{3DCF4ACD-0535-4ADB-BFD4-DB0A4F6AC319}.Release|x64.ActiveCfg = Release|Any CPU
		{3DCF4ACD-0535-4ADB-BFD4-DB0A4F6AC319}.Release|x64.Build.0 = Release|Any CPU
		{3DCF4ACD-0535-4ADB-BFD4-DB0A4F6AC319}.Release|x86.ActiveCfg = Release|Any CPU
		{3DCF4ACD-0535-4ADB-BFD4-DB0A4F6AC319}.Release|x86.Build.0 = Release|Any CPU
		{1A70391B-1E1A-4C5B-8FD9-2B03393DB856}.Debug|Any CPU.ActiveCfg = Debug|Any CPU
		{1A70391B-1E1A-4C5B-8FD9-2B03393DB856}.Debug|Any CPU.Build.0 = Debug|Any CPU
		{1A70391B-1E1A-4C5B-8FD9-2B03393DB856}.Debug|x64.ActiveCfg = Debug|Any CPU
		{1A70391B-1E1A-4C5B-8FD9-2B03393DB856}.Debug|x64.Build.0 = Debug|Any CPU
		{1A70391B-1E1A-4C5B-8FD9-2B03393DB856}.Debug|x86.ActiveCfg = Debug|Any CPU
		{1A70391B-1E1A-4C5B-8FD9-2B03393DB856}.Debug|x86.Build.0 = Debug|Any CPU
		{1A70391B-1E1A-4C5B-8FD9-2B03393DB856}.Release|Any CPU.ActiveCfg = Release|Any CPU
		{1A70391B-1E1A-4C5B-8FD9-2B03393DB856}.Release|Any CPU.Build.0 = Release|Any CPU
		{1A70391B-1E1A-4C5B-8FD9-2B03393DB856}.Release|x64.ActiveCfg = Release|Any CPU
		{1A70391B-1E1A-4C5B-8FD9-2B03393DB856}.Release|x64.Build.0 = Release|Any CPU
		{1A70391B-1E1A-4C5B-8FD9-2B03393DB856}.Release|x86.ActiveCfg = Release|Any CPU
		{1A70391B-1E1A-4C5B-8FD9-2B03393DB856}.Release|x86.Build.0 = Release|Any CPU
	EndGlobalSection
	GlobalSection(SolutionProperties) = preSolution
		HideSolutionNode = FALSE
	EndGlobalSection
	GlobalSection(NestedProjects) = preSolution
		{B3122136-422F-4A74-BC3D-E6F593E14035} = {827E0CD3-B72D-47B6-A68D-7590B98EB39B}
		{1388E937-E0A9-4482-A703-F01821F0D2EE} = {0AB3BF05-4346-4AA6-1389-037BE0695223}
		{81E7B206-EEC4-4C1C-9D13-7EE2D05EED95} = {0AB3BF05-4346-4AA6-1389-037BE0695223}
		{B0B6C3A4-D57A-4AAE-B00C-89D2A1E94B43} = {6C4D298B-81FB-2B6B-5AB6-46205EDDC72C}
		{16833D5D-ED16-430B-84DC-0A802AE9B000} = {6C4D298B-81FB-2B6B-5AB6-46205EDDC72C}
		{3DCF4ACD-0535-4ADB-BFD4-DB0A4F6AC319} = {6C4D298B-81FB-2B6B-5AB6-46205EDDC72C}
		{1A70391B-1E1A-4C5B-8FD9-2B03393DB856} = {6C4D298B-81FB-2B6B-5AB6-46205EDDC72C}
	EndGlobalSection
EndGlobal
