
Microsoft Visual Studio Solution File, Format Version 12.00
# Visual Studio Version 17
VisualStudioVersion = 17.14.36511.14 d17.14
MinimumVisualStudioVersion = 10.0.40219.1
Project("{FAE04EC0-301F-11D3-BF4B-00C04F79EFBC}") = "JobMonitorService", "JobMonitorService.csproj", "{92EB6D91-B4F8-08FA-8369-F15BEAE70D2E}"
EndProject
Global
	GlobalSection(SolutionConfigurationPlatforms) = preSolution
		Debug|Any CPU = Debug|Any CPU
		Release|Any CPU = Release|Any CPU
	EndGlobalSection
	GlobalSection(ProjectConfigurationPlatforms) = postSolution
		{92EB6D91-B4F8-08FA-8369-F15BEAE70D2E}.Debug|Any CPU.ActiveCfg = Debug|Any CPU
		{92EB6D91-B4F8-08FA-8369-F15BEAE70D2E}.Debug|Any CPU.Build.0 = Debug|Any CPU
		{92EB6D91-B4F8-08FA-8369-F15BEAE70D2E}.Release|Any CPU.ActiveCfg = Release|Any CPU
		{92EB6D91-B4F8-08FA-8369-F15BEAE70D2E}.Release|Any CPU.Build.0 = Release|Any CPU
	EndGlobalSection
	GlobalSection(SolutionProperties) = preSolution
		HideSolutionNode = FALSE
	EndGlobalSection
	GlobalSection(ExtensibilityGlobals) = postSolution
		SolutionGuid = {DF75B814-2F55-4047-88A8-29BBA2A9A692}
	EndGlobalSection
EndGlobal
